
Microsoft Visual Studio Solution File, Format Version 12.00
# Visual Studio Version 17
VisualStudioVersion = 17.9.34723.18
MinimumVisualStudioVersion = 10.0.40219.1
Project("{FAE04EC0-301F-11D3-BF4B-00C04F79EFBC}") = "test", "test\test.csproj", "{01F521E1-F090-4B92-94CC-D87F8ABAF0BD}"
EndProject
Global
	GlobalSection(SolutionConfigurationPlatforms) = preSolution
		Debug|Any CPU = Debug|Any CPU
		Release|Any CPU = Release|Any CPU
	EndGlobalSection
	GlobalSection(ProjectConfigurationPlatforms) = postSolution
		{01F521E1-F090-4B92-94CC-D87F8ABAF0BD}.Debug|Any CPU.ActiveCfg = Debug|Any CPU
		{01F521E1-F090-4B92-94CC-D87F8ABAF0BD}.Debug|Any CPU.Build.0 = Debug|Any CPU
		{01F521E1-F090-4B92-94CC-D87F8ABAF0BD}.Release|Any CPU.ActiveCfg = Release|Any CPU
		{01F521E1-F090-4B92-94CC-D87F8ABAF0BD}.Release|Any CPU.Build.0 = Release|Any CPU
	EndGlobalSection
	GlobalSection(SolutionProperties) = preSolution
		HideSolutionNode = FALSE
	EndGlobalSection
	GlobalSection(ExtensibilityGlobals) = postSolution
		SolutionGuid = {D977DA1E-5CAA-46ED-8EC3-71ADF697168B}
	EndGlobalSection
EndGlobal
